
Microsoft Visual Studio Solution File, Format Version 12.00
# Visual Studio 15
VisualStudioVersion = 15.0.28307.168
MinimumVisualStudioVersion = 10.0.40219.1
Project("{FAE04EC0-301F-11D3-BF4B-00C04F79EFBC}") = "Lab05_JavaToCSharp", "Lab05_JavaToCSharp\Lab05_JavaToCSharp.csproj", "{B0A29FB2-84EC-4B0A-B393-95A9B5D6B8EF}"
EndProject
Global
	GlobalSection(SolutionConfigurationPlatforms) = preSolution
		Debug|Any CPU = Debug|Any CPU
		Release|Any CPU = Release|Any CPU
	EndGlobalSection
	GlobalSection(ProjectConfigurationPlatforms) = postSolution
		{B0A29FB2-84EC-4B0A-B393-95A9B5D6B8EF}.Debug|Any CPU.ActiveCfg = Debug|Any CPU
		{B0A29FB2-84EC-4B0A-B393-95A9B5D6B8EF}.Debug|Any CPU.Build.0 = Debug|Any CPU
		{B0A29FB2-84EC-4B0A-B393-95A9B5D6B8EF}.Release|Any CPU.ActiveCfg = Release|Any CPU
		{B0A29FB2-84EC-4B0A-B393-95A9B5D6B8EF}.Release|Any CPU.Build.0 = Release|Any CPU
	EndGlobalSection
	GlobalSection(SolutionProperties) = preSolution
		HideSolutionNode = FALSE
	EndGlobalSection
	GlobalSection(ExtensibilityGlobals) = postSolution
		SolutionGuid = {5FAFE47E-0ED1-4DC8-B70A-818F00583278}
	EndGlobalSection
EndGlobal
